
Microsoft Visual Studio Solution File, Format Version 12.00
# Visual Studio Version 17
VisualStudioVersion = 17.5.33516.290
MinimumVisualStudioVersion = 10.0.40219.1
Project("{9A19103F-16F7-4668-BE54-9A1E7A4F7556}") = "Weather App", "Weather App.csproj", "{8066BAD5-C927-4846-B3B0-985E659F46D3}"
EndProject
Project("{54435603-DBB4-11D2-8724-00A0C9A8B90C}") = "setup_weather_app", "Instalador\setup_weather_app\setup_weather_app.vdproj", "{D3CB9838-3326-458A-930D-79D1AB273FF3}"
EndProject
Global
	GlobalSection(SolutionConfigurationPlatforms) = preSolution
		Debug|Any CPU = Debug|Any CPU
		Release|Any CPU = Release|Any CPU
	EndGlobalSection
	GlobalSection(ProjectConfigurationPlatforms) = postSolution
		{8066BAD5-C927-4846-B3B0-985E659F46D3}.Debug|Any CPU.ActiveCfg = Debug|Any CPU
		{8066BAD5-C927-4846-B3B0-985E659F46D3}.Debug|Any CPU.Build.0 = Debug|Any CPU
		{8066BAD5-C927-4846-B3B0-985E659F46D3}.Release|Any CPU.ActiveCfg = Release|Any CPU
		{8066BAD5-C927-4846-B3B0-985E659F46D3}.Release|Any CPU.Build.0 = Release|Any CPU
		{D3CB9838-3326-458A-930D-79D1AB273FF3}.Debug|Any CPU.ActiveCfg = Debug
		{D3CB9838-3326-458A-930D-79D1AB273FF3}.Release|Any CPU.ActiveCfg = Release
	EndGlobalSection
	GlobalSection(SolutionProperties) = preSolution
		HideSolutionNode = FALSE
	EndGlobalSection
	GlobalSection(ExtensibilityGlobals) = postSolution
		SolutionGuid = {027D5BDC-9C46-40E1-B260-9CBDBD31A67F}
	EndGlobalSection
EndGlobal
